
Microsoft Visual Studio Solution File, Format Version 12.00
# Visual Studio Version 16
VisualStudioVersion = 16.0.31410.357
MinimumVisualStudioVersion = 10.0.40219.1
Project("{D954291E-2A0B-460D-934E-DC6B0785DB48}") = "PARCIAL.Shared", "PARCIAL.Shared\PARCIAL.Shared.shproj", "{6279C845-92F8-4333-AB99-3D213163593C}"
EndProject
Project("{2150E333-8FDC-42A3-9474-1A3956D46DE8}") = "Platforms", "Platforms", "{8F569BD4-5BAB-4D78-BEB4-0823D1C2B2EB}"
EndProject
Project("{FAE04EC0-301F-11D3-BF4B-00C04F79EFBC}") = "PARCIAL.Droid", "PARCIAL.Droid\PARCIAL.Droid.csproj", "{E0E2C673-F9CC-4E6E-B3F1-29A5B1E7F9D9}"
EndProject
Project("{FAE04EC0-301F-11D3-BF4B-00C04F79EFBC}") = "PARCIAL.iOS", "PARCIAL.iOS\PARCIAL.iOS.csproj", "{6F0BFB97-1649-420A-AB2D-62EBFFAD5B3D}"
EndProject
Project("{FAE04EC0-301F-11D3-BF4B-00C04F79EFBC}") = "PARCIAL.UWP", "PARCIAL.UWP\PARCIAL.UWP.csproj", "{B3FAE3FB-DE0F-4658-AEBD-52F5BADFBEBD}"
EndProject
Project("{9A19103F-16F7-4668-BE54-9A1E7A4F7556}") = "PARCIAL.Wasm", "PARCIAL.Wasm\PARCIAL.Wasm.csproj", "{62751CCC-4BDE-4014-B438-BB85A5B0D1B6}"
EndProject
Project("{FAE04EC0-301F-11D3-BF4B-00C04F79EFBC}") = "PARCIAL.macOS", "PARCIAL.macOS\PARCIAL.macOS.csproj", "{06EE79EE-E47E-4828-950B-923916FAAC9D}"
EndProject
Project("{9A19103F-16F7-4668-BE54-9A1E7A4F7556}") = "PARCIAL.Skia.Wpf.Host", "PARCIAL.Skia.Wpf.Host\PARCIAL.Skia.Wpf.Host.csproj", "{E6100360-F980-49A5-8D66-A6CFC84A226F}"
EndProject
Project("{9A19103F-16F7-4668-BE54-9A1E7A4F7556}") = "PARCIAL.Skia.Wpf", "PARCIAL.Skia.Wpf\PARCIAL.Skia.Wpf.csproj", "{595C2E0F-76A4-4809-9B93-5E6737EAFFE0}"
EndProject
Project("{9A19103F-16F7-4668-BE54-9A1E7A4F7556}") = "PARCIAL.Skia.Gtk", "PARCIAL.Skia.Gtk\PARCIAL.Skia.Gtk.csproj", "{9DA8AE14-E436-4914-A29A-7B97602039C8}"
EndProject
Project("{9A19103F-16F7-4668-BE54-9A1E7A4F7556}") = "PARCIAL.Skia.Tizen", "PARCIAL.Skia.Tizen\PARCIAL.Skia.Tizen.csproj", "{6817C0F1-FC65-4F90-92FF-03D8928E55F9}"
EndProject
Global
	GlobalSection(SharedMSBuildProjectFiles) = preSolution
		PARCIAL.Shared\PARCIAL.Shared.projitems*{06ee79ee-e47e-4828-950b-923916faac9d}*SharedItemsImports = 4
		PARCIAL.Shared\PARCIAL.Shared.projitems*{595c2e0f-76a4-4809-9b93-5e6737eaffe0}*SharedItemsImports = 5
		PARCIAL.Shared\PARCIAL.Shared.projitems*{62751ccc-4bde-4014-b438-bb85a5b0d1b6}*SharedItemsImports = 5
		PARCIAL.Shared\PARCIAL.Shared.projitems*{6279c845-92f8-4333-ab99-3d213163593c}*SharedItemsImports = 13
		PARCIAL.Shared\PARCIAL.Shared.projitems*{6817c0f1-fc65-4f90-92ff-03d8928e55f9}*SharedItemsImports = 5
		PARCIAL.Shared\PARCIAL.Shared.projitems*{6f0bfb97-1649-420a-ab2d-62ebffad5b3d}*SharedItemsImports = 4
		PARCIAL.Shared\PARCIAL.Shared.projitems*{9da8ae14-e436-4914-a29a-7b97602039c8}*SharedItemsImports = 5
		PARCIAL.Shared\PARCIAL.Shared.projitems*{b3fae3fb-de0f-4658-aebd-52f5badfbebd}*SharedItemsImports = 4
		PARCIAL.Shared\PARCIAL.Shared.projitems*{e0e2c673-f9cc-4e6e-b3f1-29a5b1e7f9d9}*SharedItemsImports = 4
	EndGlobalSection
	GlobalSection(SolutionConfigurationPlatforms) = preSolution
		Ad-Hoc|Any CPU = Ad-Hoc|Any CPU
		Ad-Hoc|ARM = Ad-Hoc|ARM
		Ad-Hoc|ARM64 = Ad-Hoc|ARM64
		Ad-Hoc|iPhone = Ad-Hoc|iPhone
		Ad-Hoc|iPhoneSimulator = Ad-Hoc|iPhoneSimulator
		Ad-Hoc|x64 = Ad-Hoc|x64
		Ad-Hoc|x86 = Ad-Hoc|x86
		AppStore|Any CPU = AppStore|Any CPU
		AppStore|ARM = AppStore|ARM
		AppStore|ARM64 = AppStore|ARM64
		AppStore|iPhone = AppStore|iPhone
		AppStore|iPhoneSimulator = AppStore|iPhoneSimulator
		AppStore|x64 = AppStore|x64
		AppStore|x86 = AppStore|x86
		Debug|Any CPU = Debug|Any CPU
		Debug|ARM = Debug|ARM
		Debug|ARM64 = Debug|ARM64
		Debug|iPhone = Debug|iPhone
		Debug|iPhoneSimulator = Debug|iPhoneSimulator
		Debug|x64 = Debug|x64
		Debug|x86 = Debug|x86
		Release|Any CPU = Release|Any CPU
		Release|ARM = Release|ARM
		Release|ARM64 = Release|ARM64
		Release|iPhone = Release|iPhone
		Release|iPhoneSimulator = Release|iPhoneSimulator
		Release|x64 = Release|x64
		Release|x86 = Release|x86
	EndGlobalSection
	GlobalSection(ProjectConfigurationPlatforms) = postSolution
		{E0E2C673-F9CC-4E6E-B3F1-29A5B1E7F9D9}.Ad-Hoc|Any CPU.ActiveCfg = Debug|Any CPU
		{E0E2C673-F9CC-4E6E-B3F1-29A5B1E7F9D9}.Ad-Hoc|Any CPU.Build.0 = Debug|Any CPU
		{E0E2C673-F9CC-4E6E-B3F1-29A5B1E7F9D9}.Ad-Hoc|Any CPU.Deploy.0 = Debug|Any CPU
		{E0E2C673-F9CC-4E6E-B3F1-29A5B1E7F9D9}.Ad-Hoc|ARM.ActiveCfg = Debug|Any CPU
		{E0E2C673-F9CC-4E6E-B3F1-29A5B1E7F9D9}.Ad-Hoc|ARM.Build.0 = Debug|Any CPU
		{E0E2C673-F9CC-4E6E-B3F1-29A5B1E7F9D9}.Ad-Hoc|ARM.Deploy.0 = Debug|Any CPU
		{E0E2C673-F9CC-4E6E-B3F1-29A5B1E7F9D9}.Ad-Hoc|ARM64.ActiveCfg = Debug|Any CPU
		{E0E2C673-F9CC-4E6E-B3F1-29A5B1E7F9D9}.Ad-Hoc|ARM64.Build.0 = Debug|Any CPU
		{E0E2C673-F9CC-4E6E-B3F1-29A5B1E7F9D9}.Ad-Hoc|ARM64.Deploy.0 = Debug|Any CPU
		{E0E2C673-F9CC-4E6E-B3F1-29A5B1E7F9D9}.Ad-Hoc|iPhone.ActiveCfg = Debug|Any CPU
		{E0E2C673-F9CC-4E6E-B3F1-29A5B1E7F9D9}.Ad-Hoc|iPhone.Build.0 = Debug|Any CPU
		{E0E2C673-F9CC-4E6E-B3F1-29A5B1E7F9D9}.Ad-Hoc|iPhone.Deploy.0 = Debug|Any CPU
		{E0E2C673-F9CC-4E6E-B3F1-29A5B1E7F9D9}.Ad-Hoc|iPhoneSimulator.ActiveCfg = Debug|Any CPU
		{E0E2C673-F9CC-4E6E-B3F1-29A5B1E7F9D9}.Ad-Hoc|iPhoneSimulator.Build.0 = Debug|Any CPU
		{E0E2C673-F9CC-4E6E-B3F1-29A5B1E7F9D9}.Ad-Hoc|iPhoneSimulator.Deploy.0 = Debug|Any CPU
		{E0E2C673-F9CC-4E6E-B3F1-29A5B1E7F9D9}.Ad-Hoc|x64.ActiveCfg = Debug|Any CPU
		{E0E2C673-F9CC-4E6E-B3F1-29A5B1E7F9D9}.Ad-Hoc|x64.Build.0 = Debug|Any CPU
		{E0E2C673-F9CC-4E6E-B3F1-29A5B1E7F9D9}.Ad-Hoc|x64.Deploy.0 = Debug|Any CPU
		{E0E2C673-F9CC-4E6E-B3F1-29A5B1E7F9D9}.Ad-Hoc|x86.ActiveCfg = Debug|Any CPU
		{E0E2C673-F9CC-4E6E-B3F1-29A5B1E7F9D9}.Ad-Hoc|x86.Build.0 = Debug|Any CPU
		{E0E2C673-F9CC-4E6E-B3F1-29A5B1E7F9D9}.Ad-Hoc|x86.Deploy.0 = Debug|Any CPU
		{E0E2C673-F9CC-4E6E-B3F1-29A5B1E7F9D9}.AppStore|Any CPU.ActiveCfg = Debug|Any CPU
		{E0E2C673-F9CC-4E6E-B3F1-29A5B1E7F9D9}.AppStore|Any CPU.Build.0 = Debug|Any CPU
		{E0E2C673-F9CC-4E6E-B3F1-29A5B1E7F9D9}.AppStore|Any CPU.Deploy.0 = Debug|Any CPU
		{E0E2C673-F9CC-4E6E-B3F1-29A5B1E7F9D9}.AppStore|ARM.ActiveCfg = Debug|Any CPU
		{E0E2C673-F9CC-4E6E-B3F1-29A5B1E7F9D9}.AppStore|ARM.Build.0 = Debug|Any CPU
		{E0E2C673-F9CC-4E6E-B3F1-29A5B1E7F9D9}.AppStore|ARM.Deploy.0 = Debug|Any CPU
		{E0E2C673-F9CC-4E6E-B3F1-29A5B1E7F9D9}.AppStore|ARM64.ActiveCfg = Debug|Any CPU
		{E0E2C673-F9CC-4E6E-B3F1-29A5B1E7F9D9}.AppStore|ARM64.Build.0 = Debug|Any CPU
		{E0E2C673-F9CC-4E6E-B3F1-29A5B1E7F9D9}.AppStore|ARM64.Deploy.0 = Debug|Any CPU
		{E0E2C673-F9CC-4E6E-B3F1-29A5B1E7F9D9}.AppStore|iPhone.ActiveCfg = Debug|Any CPU
		{E0E2C673-F9CC-4E6E-B3F1-29A5B1E7F9D9}.AppStore|iPhone.Build.0 = Debug|Any CPU
		{E0E2C673-F9CC-4E6E-B3F1-29A5B1E7F9D9}.AppStore|iPhone.Deploy.0 = Debug|Any CPU
		{E0E2C673-F9CC-4E6E-B3F1-29A5B1E7F9D9}.AppStore|iPhoneSimulator.ActiveCfg = Debug|Any CPU
		{E0E2C673-F9CC-4E6E-B3F1-29A5B1E7F9D9}.AppStore|iPhoneSimulator.Build.0 = Debug|Any CPU
		{E0E2C673-F9CC-4E6E-B3F1-29A5B1E7F9D9}.AppStore|iPhoneSimulator.Deploy.0 = Debug|Any CPU
		{E0E2C673-F9CC-4E6E-B3F1-29A5B1E7F9D9}.AppStore|x64.ActiveCfg = Debug|Any CPU
		{E0E2C673-F9CC-4E6E-B3F1-29A5B1E7F9D9}.AppStore|x64.Build.0 = Debug|Any CPU
		{E0E2C673-F9CC-4E6E-B3F1-29A5B1E7F9D9}.AppStore|x64.Deploy.0 = Debug|Any CPU
		{E0E2C673-F9CC-4E6E-B3F1-29A5B1E7F9D9}.AppStore|x86.ActiveCfg = Debug|Any CPU
		{E0E2C673-F9CC-4E6E-B3F1-29A5B1E7F9D9}.AppStore|x86.Build.0 = Debug|Any CPU
		{E0E2C673-F9CC-4E6E-B3F1-29A5B1E7F9D9}.AppStore|x86.Deploy.0 = Debug|Any CPU
		{E0E2C673-F9CC-4E6E-B3F1-29A5B1E7F9D9}.Debug|Any CPU.ActiveCfg = Debug|Any CPU
		{E0E2C673-F9CC-4E6E-B3F1-29A5B1E7F9D9}.Debug|Any CPU.Build.0 = Debug|Any CPU
		{E0E2C673-F9CC-4E6E-B3F1-29A5B1E7F9D9}.Debug|Any CPU.Deploy.0 = Debug|Any CPU
		{E0E2C673-F9CC-4E6E-B3F1-29A5B1E7F9D9}.Debug|ARM.ActiveCfg = Debug|Any CPU
		{E0E2C673-F9CC-4E6E-B3F1-29A5B1E7F9D9}.Debug|ARM.Build.0 = Debug|Any CPU
		{E0E2C673-F9CC-4E6E-B3F1-29A5B1E7F9D9}.Debug|ARM.Deploy.0 = Debug|Any CPU
		{E0E2C673-F9CC-4E6E-B3F1-29A5B1E7F9D9}.Debug|ARM64.ActiveCfg = Debug|Any CPU
		{E0E2C673-F9CC-4E6E-B3F1-29A5B1E7F9D9}.Debug|ARM64.Build.0 = Debug|Any CPU
		{E0E2C673-F9CC-4E6E-B3F1-29A5B1E7F9D9}.Debug|ARM64.Deploy.0 = Debug|Any CPU
		{E0E2C673-F9CC-4E6E-B3F1-29A5B1E7F9D9}.Debug|iPhone.ActiveCfg = Debug|Any CPU
		{E0E2C673-F9CC-4E6E-B3F1-29A5B1E7F9D9}.Debug|iPhone.Build.0 = Debug|Any CPU
		{E0E2C673-F9CC-4E6E-B3F1-29A5B1E7F9D9}.Debug|iPhone.Deploy.0 = Debug|Any CPU
		{E0E2C673-F9CC-4E6E-B3F1-29A5B1E7F9D9}.Debug|iPhoneSimulator.ActiveCfg = Debug|Any CPU
		{E0E2C673-F9CC-4E6E-B3F1-29A5B1E7F9D9}.Debug|iPhoneSimulator.Build.0 = Debug|Any CPU
		{E0E2C673-F9CC-4E6E-B3F1-29A5B1E7F9D9}.Debug|iPhoneSimulator.Deploy.0 = Debug|Any CPU
		{E0E2C673-F9CC-4E6E-B3F1-29A5B1E7F9D9}.Debug|x64.ActiveCfg = Debug|Any CPU
		{E0E2C673-F9CC-4E6E-B3F1-29A5B1E7F9D9}.Debug|x64.Build.0 = Debug|Any CPU
		{E0E2C673-F9CC-4E6E-B3F1-29A5B1E7F9D9}.Debug|x64.Deploy.0 = Debug|Any CPU
		{E0E2C673-F9CC-4E6E-B3F1-29A5B1E7F9D9}.Debug|x86.ActiveCfg = Debug|Any CPU
		{E0E2C673-F9CC-4E6E-B3F1-29A5B1E7F9D9}.Debug|x86.Build.0 = Debug|Any CPU
		{E0E2C673-F9CC-4E6E-B3F1-29A5B1E7F9D9}.Debug|x86.Deploy.0 = Debug|Any CPU
		{E0E2C673-F9CC-4E6E-B3F1-29A5B1E7F9D9}.Release|Any CPU.ActiveCfg = Release|Any CPU
		{E0E2C673-F9CC-4E6E-B3F1-29A5B1E7F9D9}.Release|Any CPU.Build.0 = Release|Any CPU
		{E0E2C673-F9CC-4E6E-B3F1-29A5B1E7F9D9}.Release|Any CPU.Deploy.0 = Release|Any CPU
		{E0E2C673-F9CC-4E6E-B3F1-29A5B1E7F9D9}.Release|ARM.ActiveCfg = Release|Any CPU
		{E0E2C673-F9CC-4E6E-B3F1-29A5B1E7F9D9}.Release|ARM.Build.0 = Release|Any CPU
		{E0E2C673-F9CC-4E6E-B3F1-29A5B1E7F9D9}.Release|ARM.Deploy.0 = Release|Any CPU
		{E0E2C673-F9CC-4E6E-B3F1-29A5B1E7F9D9}.Release|ARM64.ActiveCfg = Release|Any CPU
		{E0E2C673-F9CC-4E6E-B3F1-29A5B1E7F9D9}.Release|ARM64.Build.0 = Release|Any CPU
		{E0E2C673-F9CC-4E6E-B3F1-29A5B1E7F9D9}.Release|ARM64.Deploy.0 = Release|Any CPU
		{E0E2C673-F9CC-4E6E-B3F1-29A5B1E7F9D9}.Release|iPhone.ActiveCfg = Release|Any CPU
		{E0E2C673-F9CC-4E6E-B3F1-29A5B1E7F9D9}.Release|iPhone.Build.0 = Release|Any CPU
		{E0E2C673-F9CC-4E6E-B3F1-29A5B1E7F9D9}.Release|iPhone.Deploy.0 = Release|Any CPU
		{E0E2C673-F9CC-4E6E-B3F1-29A5B1E7F9D9}.Release|iPhoneSimulator.ActiveCfg = Release|Any CPU
		{E0E2C673-F9CC-4E6E-B3F1-29A5B1E7F9D9}.Release|iPhoneSimulator.Build.0 = Release|Any CPU
		{E0E2C673-F9CC-4E6E-B3F1-29A5B1E7F9D9}.Release|iPhoneSimulator.Deploy.0 = Release|Any CPU
		{E0E2C673-F9CC-4E6E-B3F1-29A5B1E7F9D9}.Release|x64.ActiveCfg = Release|Any CPU
		{E0E2C673-F9CC-4E6E-B3F1-29A5B1E7F9D9}.Release|x64.Build.0 = Release|Any CPU
		{E0E2C673-F9CC-4E6E-B3F1-29A5B1E7F9D9}.Release|x64.Deploy.0 = Release|Any CPU
		{E0E2C673-F9CC-4E6E-B3F1-29A5B1E7F9D9}.Release|x86.ActiveCfg = Release|Any CPU
		{E0E2C673-F9CC-4E6E-B3F1-29A5B1E7F9D9}.Release|x86.Build.0 = Release|Any CPU
		{E0E2C673-F9CC-4E6E-B3F1-29A5B1E7F9D9}.Release|x86.Deploy.0 = Release|Any CPU
		{6F0BFB97-1649-420A-AB2D-62EBFFAD5B3D}.Ad-Hoc|Any CPU.ActiveCfg = Ad-Hoc|iPhoneSimulator
		{6F0BFB97-1649-420A-AB2D-62EBFFAD5B3D}.Ad-Hoc|ARM.ActiveCfg = Ad-Hoc|iPhoneSimulator
		{6F0BFB97-1649-420A-AB2D-62EBFFAD5B3D}.Ad-Hoc|ARM64.ActiveCfg = Ad-Hoc|iPhoneSimulator
		{6F0BFB97-1649-420A-AB2D-62EBFFAD5B3D}.Ad-Hoc|iPhone.ActiveCfg = Ad-Hoc|iPhone
		{6F0BFB97-1649-420A-AB2D-62EBFFAD5B3D}.Ad-Hoc|iPhone.Build.0 = Ad-Hoc|iPhone
		{6F0BFB97-1649-420A-AB2D-62EBFFAD5B3D}.Ad-Hoc|iPhoneSimulator.ActiveCfg = Ad-Hoc|iPhoneSimulator
		{6F0BFB97-1649-420A-AB2D-62EBFFAD5B3D}.Ad-Hoc|iPhoneSimulator.Build.0 = Ad-Hoc|iPhoneSimulator
		{6F0BFB97-1649-420A-AB2D-62EBFFAD5B3D}.Ad-Hoc|x64.ActiveCfg = Ad-Hoc|iPhoneSimulator
		{6F0BFB97-1649-420A-AB2D-62EBFFAD5B3D}.Ad-Hoc|x86.ActiveCfg = Ad-Hoc|iPhoneSimulator
		{6F0BFB97-1649-420A-AB2D-62EBFFAD5B3D}.AppStore|Any CPU.ActiveCfg = AppStore|iPhoneSimulator
		{6F0BFB97-1649-420A-AB2D-62EBFFAD5B3D}.AppStore|ARM.ActiveCfg = AppStore|iPhoneSimulator
		{6F0BFB97-1649-420A-AB2D-62EBFFAD5B3D}.AppStore|ARM64.ActiveCfg = AppStore|iPhoneSimulator
		{6F0BFB97-1649-420A-AB2D-62EBFFAD5B3D}.AppStore|iPhone.ActiveCfg = AppStore|iPhone
		{6F0BFB97-1649-420A-AB2D-62EBFFAD5B3D}.AppStore|iPhone.Build.0 = AppStore|iPhone
		{6F0BFB97-1649-420A-AB2D-62EBFFAD5B3D}.AppStore|iPhoneSimulator.ActiveCfg = AppStore|iPhoneSimulator
		{6F0BFB97-1649-420A-AB2D-62EBFFAD5B3D}.AppStore|iPhoneSimulator.Build.0 = AppStore|iPhoneSimulator
		{6F0BFB97-1649-420A-AB2D-62EBFFAD5B3D}.AppStore|x64.ActiveCfg = AppStore|iPhoneSimulator
		{6F0BFB97-1649-420A-AB2D-62EBFFAD5B3D}.AppStore|x86.ActiveCfg = AppStore|iPhoneSimulator
		{6F0BFB97-1649-420A-AB2D-62EBFFAD5B3D}.Debug|Any CPU.ActiveCfg = Debug|iPhoneSimulator
		{6F0BFB97-1649-420A-AB2D-62EBFFAD5B3D}.Debug|ARM.ActiveCfg = Debug|iPhoneSimulator
		{6F0BFB97-1649-420A-AB2D-62EBFFAD5B3D}.Debug|ARM64.ActiveCfg = Debug|iPhoneSimulator
		{6F0BFB97-1649-420A-AB2D-62EBFFAD5B3D}.Debug|iPhone.ActiveCfg = Debug|iPhone
		{6F0BFB97-1649-420A-AB2D-62EBFFAD5B3D}.Debug|iPhone.Build.0 = Debug|iPhone
		{6F0BFB97-1649-420A-AB2D-62EBFFAD5B3D}.Debug|iPhoneSimulator.ActiveCfg = Debug|iPhoneSimulator
		{6F0BFB97-1649-420A-AB2D-62EBFFAD5B3D}.Debug|iPhoneSimulator.Build.0 = Debug|iPhoneSimulator
		{6F0BFB97-1649-420A-AB2D-62EBFFAD5B3D}.Debug|x64.ActiveCfg = Debug|iPhoneSimulator
		{6F0BFB97-1649-420A-AB2D-62EBFFAD5B3D}.Debug|x86.ActiveCfg = Debug|iPhoneSimulator
		{6F0BFB97-1649-420A-AB2D-62EBFFAD5B3D}.Release|Any CPU.ActiveCfg = Release|iPhoneSimulator
		{6F0BFB97-1649-420A-AB2D-62EBFFAD5B3D}.Release|ARM.ActiveCfg = Release|iPhoneSimulator
		{6F0BFB97-1649-420A-AB2D-62EBFFAD5B3D}.Release|ARM64.ActiveCfg = Release|iPhoneSimulator
		{6F0BFB97-1649-420A-AB2D-62EBFFAD5B3D}.Release|iPhone.ActiveCfg = Release|iPhone
		{6F0BFB97-1649-420A-AB2D-62EBFFAD5B3D}.Release|iPhone.Build.0 = Release|iPhone
		{6F0BFB97-1649-420A-AB2D-62EBFFAD5B3D}.Release|iPhoneSimulator.ActiveCfg = Release|iPhoneSimulator
		{6F0BFB97-1649-420A-AB2D-62EBFFAD5B3D}.Release|iPhoneSimulator.Build.0 = Release|iPhoneSimulator
		{6F0BFB97-1649-420A-AB2D-62EBFFAD5B3D}.Release|x64.ActiveCfg = Release|iPhoneSimulator
		{6F0BFB97-1649-420A-AB2D-62EBFFAD5B3D}.Release|x86.ActiveCfg = Release|iPhoneSimulator
		{B3FAE3FB-DE0F-4658-AEBD-52F5BADFBEBD}.Ad-Hoc|Any CPU.ActiveCfg = Debug|x86
		{B3FAE3FB-DE0F-4658-AEBD-52F5BADFBEBD}.Ad-Hoc|Any CPU.Build.0 = Debug|x86
		{B3FAE3FB-DE0F-4658-AEBD-52F5BADFBEBD}.Ad-Hoc|Any CPU.Deploy.0 = Debug|x86
		{B3FAE3FB-DE0F-4658-AEBD-52F5BADFBEBD}.Ad-Hoc|ARM.ActiveCfg = Debug|ARM
		{B3FAE3FB-DE0F-4658-AEBD-52F5BADFBEBD}.Ad-Hoc|ARM.Build.0 = Debug|ARM
		{B3FAE3FB-DE0F-4658-AEBD-52F5BADFBEBD}.Ad-Hoc|ARM.Deploy.0 = Debug|ARM
		{B3FAE3FB-DE0F-4658-AEBD-52F5BADFBEBD}.Ad-Hoc|ARM64.ActiveCfg = Debug|ARM64
		{B3FAE3FB-DE0F-4658-AEBD-52F5BADFBEBD}.Ad-Hoc|ARM64.Build.0 = Debug|ARM64
		{B3FAE3FB-DE0F-4658-AEBD-52F5BADFBEBD}.Ad-Hoc|ARM64.Deploy.0 = Debug|ARM64
		{B3FAE3FB-DE0F-4658-AEBD-52F5BADFBEBD}.Ad-Hoc|iPhone.ActiveCfg = Debug|x86
		{B3FAE3FB-DE0F-4658-AEBD-52F5BADFBEBD}.Ad-Hoc|iPhone.Build.0 = Debug|x86
		{B3FAE3FB-DE0F-4658-AEBD-52F5BADFBEBD}.Ad-Hoc|iPhone.Deploy.0 = Debug|x86
		{B3FAE3FB-DE0F-4658-AEBD-52F5BADFBEBD}.Ad-Hoc|iPhoneSimulator.ActiveCfg = Debug|x86
		{B3FAE3FB-DE0F-4658-AEBD-52F5BADFBEBD}.Ad-Hoc|iPhoneSimulator.Build.0 = Debug|x86
		{B3FAE3FB-DE0F-4658-AEBD-52F5BADFBEBD}.Ad-Hoc|iPhoneSimulator.Deploy.0 = Debug|x86
		{B3FAE3FB-DE0F-4658-AEBD-52F5BADFBEBD}.Ad-Hoc|x64.ActiveCfg = Debug|x64
		{B3FAE3FB-DE0F-4658-AEBD-52F5BADFBEBD}.Ad-Hoc|x64.Build.0 = Debug|x64
		{B3FAE3FB-DE0F-4658-AEBD-52F5BADFBEBD}.Ad-Hoc|x64.Deploy.0 = Debug|x64
		{B3FAE3FB-DE0F-4658-AEBD-52F5BADFBEBD}.Ad-Hoc|x86.ActiveCfg = Debug|x86
		{B3FAE3FB-DE0F-4658-AEBD-52F5BADFBEBD}.Ad-Hoc|x86.Build.0 = Debug|x86
		{B3FAE3FB-DE0F-4658-AEBD-52F5BADFBEBD}.Ad-Hoc|x86.Deploy.0 = Debug|x86
		{B3FAE3FB-DE0F-4658-AEBD-52F5BADFBEBD}.AppStore|Any CPU.ActiveCfg = Debug|x86
		{B3FAE3FB-DE0F-4658-AEBD-52F5BADFBEBD}.AppStore|Any CPU.Build.0 = Debug|x86
		{B3FAE3FB-DE0F-4658-AEBD-52F5BADFBEBD}.AppStore|Any CPU.Deploy.0 = Debug|x86
		{B3FAE3FB-DE0F-4658-AEBD-52F5BADFBEBD}.AppStore|ARM.ActiveCfg = Debug|ARM
		{B3FAE3FB-DE0F-4658-AEBD-52F5BADFBEBD}.AppStore|ARM.Build.0 = Debug|ARM
		{B3FAE3FB-DE0F-4658-AEBD-52F5BADFBEBD}.AppStore|ARM.Deploy.0 = Debug|ARM
		{B3FAE3FB-DE0F-4658-AEBD-52F5BADFBEBD}.AppStore|ARM64.ActiveCfg = Debug|ARM64
		{B3FAE3FB-DE0F-4658-AEBD-52F5BADFBEBD}.AppStore|ARM64.Build.0 = Debug|ARM64
		{B3FAE3FB-DE0F-4658-AEBD-52F5BADFBEBD}.AppStore|ARM64.Deploy.0 = Debug|ARM64
		{B3FAE3FB-DE0F-4658-AEBD-52F5BADFBEBD}.AppStore|iPhone.ActiveCfg = Debug|x86
		{B3FAE3FB-DE0F-4658-AEBD-52F5BADFBEBD}.AppStore|iPhone.Build.0 = Debug|x86
		{B3FAE3FB-DE0F-4658-AEBD-52F5BADFBEBD}.AppStore|iPhone.Deploy.0 = Debug|x86
		{B3FAE3FB-DE0F-4658-AEBD-52F5BADFBEBD}.AppStore|iPhoneSimulator.ActiveCfg = Debug|x86
		{B3FAE3FB-DE0F-4658-AEBD-52F5BADFBEBD}.AppStore|iPhoneSimulator.Build.0 = Debug|x86
		{B3FAE3FB-DE0F-4658-AEBD-52F5BADFBEBD}.AppStore|iPhoneSimulator.Deploy.0 = Debug|x86
		{B3FAE3FB-DE0F-4658-AEBD-52F5BADFBEBD}.AppStore|x64.ActiveCfg = Debug|x64
		{B3FAE3FB-DE0F-4658-AEBD-52F5BADFBEBD}.AppStore|x64.Build.0 = Debug|x64
		{B3FAE3FB-DE0F-4658-AEBD-52F5BADFBEBD}.AppStore|x64.Deploy.0 = Debug|x64
		{B3FAE3FB-DE0F-4658-AEBD-52F5BADFBEBD}.AppStore|x86.ActiveCfg = Debug|x86
		{B3FAE3FB-DE0F-4658-AEBD-52F5BADFBEBD}.AppStore|x86.Build.0 = Debug|x86
		{B3FAE3FB-DE0F-4658-AEBD-52F5BADFBEBD}.AppStore|x86.Deploy.0 = Debug|x86
		{B3FAE3FB-DE0F-4658-AEBD-52F5BADFBEBD}.Debug|Any CPU.ActiveCfg = Debug|x86
		{B3FAE3FB-DE0F-4658-AEBD-52F5BADFBEBD}.Debug|Any CPU.Build.0 = Debug|x86
		{B3FAE3FB-DE0F-4658-AEBD-52F5BADFBEBD}.Debug|Any CPU.Deploy.0 = Debug|x86
		{B3FAE3FB-DE0F-4658-AEBD-52F5BADFBEBD}.Debug|ARM.ActiveCfg = Debug|ARM
		{B3FAE3FB-DE0F-4658-AEBD-52F5BADFBEBD}.Debug|ARM.Build.0 = Debug|ARM
		{B3FAE3FB-DE0F-4658-AEBD-52F5BADFBEBD}.Debug|ARM.Deploy.0 = Debug|ARM
		{B3FAE3FB-DE0F-4658-AEBD-52F5BADFBEBD}.Debug|ARM64.ActiveCfg = Debug|ARM64
		{B3FAE3FB-DE0F-4658-AEBD-52F5BADFBEBD}.Debug|ARM64.Build.0 = Debug|ARM64
		{B3FAE3FB-DE0F-4658-AEBD-52F5BADFBEBD}.Debug|ARM64.Deploy.0 = Debug|ARM64
		{B3FAE3FB-DE0F-4658-AEBD-52F5BADFBEBD}.Debug|iPhone.ActiveCfg = Debug|x86
		{B3FAE3FB-DE0F-4658-AEBD-52F5BADFBEBD}.Debug|iPhoneSimulator.ActiveCfg = Debug|x86
		{B3FAE3FB-DE0F-4658-AEBD-52F5BADFBEBD}.Debug|x64.ActiveCfg = Debug|x64
		{B3FAE3FB-DE0F-4658-AEBD-52F5BADFBEBD}.Debug|x64.Build.0 = Debug|x64
		{B3FAE3FB-DE0F-4658-AEBD-52F5BADFBEBD}.Debug|x64.Deploy.0 = Debug|x64
		{B3FAE3FB-DE0F-4658-AEBD-52F5BADFBEBD}.Debug|x86.ActiveCfg = Debug|x86
		{B3FAE3FB-DE0F-4658-AEBD-52F5BADFBEBD}.Debug|x86.Build.0 = Debug|x86
		{B3FAE3FB-DE0F-4658-AEBD-52F5BADFBEBD}.Debug|x86.Deploy.0 = Debug|x86
		{B3FAE3FB-DE0F-4658-AEBD-52F5BADFBEBD}.Release|Any CPU.ActiveCfg = Release|x86
		{B3FAE3FB-DE0F-4658-AEBD-52F5BADFBEBD}.Release|ARM.ActiveCfg = Release|ARM
		{B3FAE3FB-DE0F-4658-AEBD-52F5BADFBEBD}.Release|ARM.Build.0 = Release|ARM
		{B3FAE3FB-DE0F-4658-AEBD-52F5BADFBEBD}.Release|ARM.Deploy.0 = Release|ARM
		{B3FAE3FB-DE0F-4658-AEBD-52F5BADFBEBD}.Release|ARM64.ActiveCfg = Release|ARM64
		{B3FAE3FB-DE0F-4658-AEBD-52F5BADFBEBD}.Release|ARM64.Build.0 = Release|ARM64
		{B3FAE3FB-DE0F-4658-AEBD-52F5BADFBEBD}.Release|ARM64.Deploy.0 = Release|ARM64
		{B3FAE3FB-DE0F-4658-AEBD-52F5BADFBEBD}.Release|iPhone.ActiveCfg = Release|x86
		{B3FAE3FB-DE0F-4658-AEBD-52F5BADFBEBD}.Release|iPhoneSimulator.ActiveCfg = Release|x86
		{B3FAE3FB-DE0F-4658-AEBD-52F5BADFBEBD}.Release|x64.ActiveCfg = Release|x64
		{B3FAE3FB-DE0F-4658-AEBD-52F5BADFBEBD}.Release|x64.Build.0 = Release|x64
		{B3FAE3FB-DE0F-4658-AEBD-52F5BADFBEBD}.Release|x64.Deploy.0 = Release|x64
		{B3FAE3FB-DE0F-4658-AEBD-52F5BADFBEBD}.Release|x86.ActiveCfg = Release|x86
		{B3FAE3FB-DE0F-4658-AEBD-52F5BADFBEBD}.Release|x86.Build.0 = Release|x86
		{B3FAE3FB-DE0F-4658-AEBD-52F5BADFBEBD}.Release|x86.Deploy.0 = Release|x86
		{62751CCC-4BDE-4014-B438-BB85A5B0D1B6}.Ad-Hoc|Any CPU.ActiveCfg = Debug|Any CPU
		{62751CCC-4BDE-4014-B438-BB85A5B0D1B6}.Ad-Hoc|Any CPU.Build.0 = Debug|Any CPU
		{62751CCC-4BDE-4014-B438-BB85A5B0D1B6}.Ad-Hoc|ARM.ActiveCfg = Debug|Any CPU
		{62751CCC-4BDE-4014-B438-BB85A5B0D1B6}.Ad-Hoc|ARM.Build.0 = Debug|Any CPU
		{62751CCC-4BDE-4014-B438-BB85A5B0D1B6}.Ad-Hoc|ARM64.ActiveCfg = Debug|Any CPU
		{62751CCC-4BDE-4014-B438-BB85A5B0D1B6}.Ad-Hoc|ARM64.Build.0 = Debug|Any CPU
		{62751CCC-4BDE-4014-B438-BB85A5B0D1B6}.Ad-Hoc|iPhone.ActiveCfg = Debug|Any CPU
		{62751CCC-4BDE-4014-B438-BB85A5B0D1B6}.Ad-Hoc|iPhone.Build.0 = Debug|Any CPU
		{62751CCC-4BDE-4014-B438-BB85A5B0D1B6}.Ad-Hoc|iPhoneSimulator.ActiveCfg = Debug|Any CPU
		{62751CCC-4BDE-4014-B438-BB85A5B0D1B6}.Ad-Hoc|iPhoneSimulator.Build.0 = Debug|Any CPU
		{62751CCC-4BDE-4014-B438-BB85A5B0D1B6}.Ad-Hoc|x64.ActiveCfg = Debug|Any CPU
		{62751CCC-4BDE-4014-B438-BB85A5B0D1B6}.Ad-Hoc|x64.Build.0 = Debug|Any CPU
		{62751CCC-4BDE-4014-B438-BB85A5B0D1B6}.Ad-Hoc|x86.ActiveCfg = Debug|Any CPU
		{62751CCC-4BDE-4014-B438-BB85A5B0D1B6}.Ad-Hoc|x86.Build.0 = Debug|Any CPU
		{62751CCC-4BDE-4014-B438-BB85A5B0D1B6}.AppStore|Any CPU.ActiveCfg = Debug|Any CPU
		{62751CCC-4BDE-4014-B438-BB85A5B0D1B6}.AppStore|Any CPU.Build.0 = Debug|Any CPU
		{62751CCC-4BDE-4014-B438-BB85A5B0D1B6}.AppStore|ARM.ActiveCfg = Debug|Any CPU
		{62751CCC-4BDE-4014-B438-BB85A5B0D1B6}.AppStore|ARM.Build.0 = Debug|Any CPU
		{62751CCC-4BDE-4014-B438-BB85A5B0D1B6}.AppStore|ARM64.ActiveCfg = Debug|Any CPU
		{62751CCC-4BDE-4014-B438-BB85A5B0D1B6}.AppStore|ARM64.Build.0 = Debug|Any CPU
		{62751CCC-4BDE-4014-B438-BB85A5B0D1B6}.AppStore|iPhone.ActiveCfg = Debug|Any CPU
		{62751CCC-4BDE-4014-B438-BB85A5B0D1B6}.AppStore|iPhone.Build.0 = Debug|Any CPU
		{62751CCC-4BDE-4014-B438-BB85A5B0D1B6}.AppStore|iPhoneSimulator.ActiveCfg = Debug|Any CPU
		{62751CCC-4BDE-4014-B438-BB85A5B0D1B6}.AppStore|iPhoneSimulator.Build.0 = Debug|Any CPU
		{62751CCC-4BDE-4014-B438-BB85A5B0D1B6}.AppStore|x64.ActiveCfg = Debug|Any CPU
		{62751CCC-4BDE-4014-B438-BB85A5B0D1B6}.AppStore|x64.Build.0 = Debug|Any CPU
		{62751CCC-4BDE-4014-B438-BB85A5B0D1B6}.AppStore|x86.ActiveCfg = Debug|Any CPU
		{62751CCC-4BDE-4014-B438-BB85A5B0D1B6}.AppStore|x86.Build.0 = Debug|Any CPU
		{62751CCC-4BDE-4014-B438-BB85A5B0D1B6}.Debug|Any CPU.ActiveCfg = Debug|Any CPU
		{62751CCC-4BDE-4014-B438-BB85A5B0D1B6}.Debug|Any CPU.Build.0 = Debug|Any CPU
		{62751CCC-4BDE-4014-B438-BB85A5B0D1B6}.Debug|ARM.ActiveCfg = Debug|Any CPU
		{62751CCC-4BDE-4014-B438-BB85A5B0D1B6}.Debug|ARM.Build.0 = Debug|Any CPU
		{62751CCC-4BDE-4014-B438-BB85A5B0D1B6}.Debug|ARM64.ActiveCfg = Debug|Any CPU
		{62751CCC-4BDE-4014-B438-BB85A5B0D1B6}.Debug|ARM64.Build.0 = Debug|Any CPU
		{62751CCC-4BDE-4014-B438-BB85A5B0D1B6}.Debug|iPhone.ActiveCfg = Debug|Any CPU
		{62751CCC-4BDE-4014-B438-BB85A5B0D1B6}.Debug|iPhone.Build.0 = Debug|Any CPU
		{62751CCC-4BDE-4014-B438-BB85A5B0D1B6}.Debug|iPhoneSimulator.ActiveCfg = Debug|Any CPU
		{62751CCC-4BDE-4014-B438-BB85A5B0D1B6}.Debug|iPhoneSimulator.Build.0 = Debug|Any CPU
		{62751CCC-4BDE-4014-B438-BB85A5B0D1B6}.Debug|x64.ActiveCfg = Debug|Any CPU
		{62751CCC-4BDE-4014-B438-BB85A5B0D1B6}.Debug|x64.Build.0 = Debug|Any CPU
		{62751CCC-4BDE-4014-B438-BB85A5B0D1B6}.Debug|x86.ActiveCfg = Debug|Any CPU
		{62751CCC-4BDE-4014-B438-BB85A5B0D1B6}.Debug|x86.Build.0 = Debug|Any CPU
		{62751CCC-4BDE-4014-B438-BB85A5B0D1B6}.Release|Any CPU.ActiveCfg = Release|Any CPU
		{62751CCC-4BDE-4014-B438-BB85A5B0D1B6}.Release|Any CPU.Build.0 = Release|Any CPU
		{62751CCC-4BDE-4014-B438-BB85A5B0D1B6}.Release|ARM.ActiveCfg = Release|Any CPU
		{62751CCC-4BDE-4014-B438-BB85A5B0D1B6}.Release|ARM.Build.0 = Release|Any CPU
		{62751CCC-4BDE-4014-B438-BB85A5B0D1B6}.Release|ARM64.ActiveCfg = Release|Any CPU
		{62751CCC-4BDE-4014-B438-BB85A5B0D1B6}.Release|ARM64.Build.0 = Release|Any CPU
		{62751CCC-4BDE-4014-B438-BB85A5B0D1B6}.Release|iPhone.ActiveCfg = Release|Any CPU
		{62751CCC-4BDE-4014-B438-BB85A5B0D1B6}.Release|iPhone.Build.0 = Release|Any CPU
		{62751CCC-4BDE-4014-B438-BB85A5B0D1B6}.Release|iPhoneSimulator.ActiveCfg = Release|Any CPU
		{62751CCC-4BDE-4014-B438-BB85A5B0D1B6}.Release|iPhoneSimulator.Build.0 = Release|Any CPU
		{62751CCC-4BDE-4014-B438-BB85A5B0D1B6}.Release|x64.ActiveCfg = Release|Any CPU
		{62751CCC-4BDE-4014-B438-BB85A5B0D1B6}.Release|x64.Build.0 = Release|Any CPU
		{62751CCC-4BDE-4014-B438-BB85A5B0D1B6}.Release|x86.ActiveCfg = Release|Any CPU
		{62751CCC-4BDE-4014-B438-BB85A5B0D1B6}.Release|x86.Build.0 = Release|Any CPU
		{06EE79EE-E47E-4828-950B-923916FAAC9D}.Ad-Hoc|Any CPU.ActiveCfg = Debug|iPhoneSimulator
		{06EE79EE-E47E-4828-950B-923916FAAC9D}.Ad-Hoc|Any CPU.Build.0 = Debug|iPhoneSimulator
		{06EE79EE-E47E-4828-950B-923916FAAC9D}.Ad-Hoc|ARM.ActiveCfg = Debug|iPhoneSimulator
		{06EE79EE-E47E-4828-950B-923916FAAC9D}.Ad-Hoc|ARM.Build.0 = Debug|iPhoneSimulator
		{06EE79EE-E47E-4828-950B-923916FAAC9D}.Ad-Hoc|ARM64.ActiveCfg = Debug|iPhoneSimulator
		{06EE79EE-E47E-4828-950B-923916FAAC9D}.Ad-Hoc|ARM64.Build.0 = Debug|iPhoneSimulator
		{06EE79EE-E47E-4828-950B-923916FAAC9D}.Ad-Hoc|iPhone.ActiveCfg = Debug|iPhoneSimulator
		{06EE79EE-E47E-4828-950B-923916FAAC9D}.Ad-Hoc|iPhone.Build.0 = Debug|iPhoneSimulator
		{06EE79EE-E47E-4828-950B-923916FAAC9D}.Ad-Hoc|iPhoneSimulator.ActiveCfg = Debug|iPhoneSimulator
		{06EE79EE-E47E-4828-950B-923916FAAC9D}.Ad-Hoc|iPhoneSimulator.Build.0 = Debug|iPhoneSimulator
		{06EE79EE-E47E-4828-950B-923916FAAC9D}.Ad-Hoc|x64.ActiveCfg = Debug|iPhoneSimulator
		{06EE79EE-E47E-4828-950B-923916FAAC9D}.Ad-Hoc|x64.Build.0 = Debug|iPhoneSimulator
		{06EE79EE-E47E-4828-950B-923916FAAC9D}.Ad-Hoc|x86.ActiveCfg = Debug|iPhoneSimulator
		{06EE79EE-E47E-4828-950B-923916FAAC9D}.Ad-Hoc|x86.Build.0 = Debug|iPhoneSimulator
		{06EE79EE-E47E-4828-950B-923916FAAC9D}.AppStore|Any CPU.ActiveCfg = Debug|iPhoneSimulator
		{06EE79EE-E47E-4828-950B-923916FAAC9D}.AppStore|Any CPU.Build.0 = Debug|iPhoneSimulator
		{06EE79EE-E47E-4828-950B-923916FAAC9D}.AppStore|ARM.ActiveCfg = Debug|iPhoneSimulator
		{06EE79EE-E47E-4828-950B-923916FAAC9D}.AppStore|ARM.Build.0 = Debug|iPhoneSimulator
		{06EE79EE-E47E-4828-950B-923916FAAC9D}.AppStore|ARM64.ActiveCfg = Debug|iPhoneSimulator
		{06EE79EE-E47E-4828-950B-923916FAAC9D}.AppStore|ARM64.Build.0 = Debug|iPhoneSimulator
		{06EE79EE-E47E-4828-950B-923916FAAC9D}.AppStore|iPhone.ActiveCfg = Debug|iPhoneSimulator
		{06EE79EE-E47E-4828-950B-923916FAAC9D}.AppStore|iPhone.Build.0 = Debug|iPhoneSimulator
		{06EE79EE-E47E-4828-950B-923916FAAC9D}.AppStore|iPhoneSimulator.ActiveCfg = Debug|iPhoneSimulator
		{06EE79EE-E47E-4828-950B-923916FAAC9D}.AppStore|iPhoneSimulator.Build.0 = Debug|iPhoneSimulator
		{06EE79EE-E47E-4828-950B-923916FAAC9D}.AppStore|x64.ActiveCfg = Debug|iPhoneSimulator
		{06EE79EE-E47E-4828-950B-923916FAAC9D}.AppStore|x64.Build.0 = Debug|iPhoneSimulator
		{06EE79EE-E47E-4828-950B-923916FAAC9D}.AppStore|x86.ActiveCfg = Debug|iPhoneSimulator
		{06EE79EE-E47E-4828-950B-923916FAAC9D}.AppStore|x86.Build.0 = Debug|iPhoneSimulator
		{06EE79EE-E47E-4828-950B-923916FAAC9D}.Debug|Any CPU.ActiveCfg = Debug|iPhoneSimulator
		{06EE79EE-E47E-4828-950B-923916FAAC9D}.Debug|ARM.ActiveCfg = Debug|iPhoneSimulator
		{06EE79EE-E47E-4828-950B-923916FAAC9D}.Debug|ARM64.ActiveCfg = Debug|iPhoneSimulator
		{06EE79EE-E47E-4828-950B-923916FAAC9D}.Debug|iPhone.ActiveCfg = Debug|iPhoneSimulator
		{06EE79EE-E47E-4828-950B-923916FAAC9D}.Debug|iPhoneSimulator.ActiveCfg = Debug|iPhoneSimulator
		{06EE79EE-E47E-4828-950B-923916FAAC9D}.Debug|iPhoneSimulator.Build.0 = Debug|iPhoneSimulator
		{06EE79EE-E47E-4828-950B-923916FAAC9D}.Debug|x64.ActiveCfg = Debug|iPhoneSimulator
		{06EE79EE-E47E-4828-950B-923916FAAC9D}.Debug|x86.ActiveCfg = Debug|iPhoneSimulator
		{06EE79EE-E47E-4828-950B-923916FAAC9D}.Release|Any CPU.ActiveCfg = Release|iPhoneSimulator
		{06EE79EE-E47E-4828-950B-923916FAAC9D}.Release|ARM.ActiveCfg = Release|iPhoneSimulator
		{06EE79EE-E47E-4828-950B-923916FAAC9D}.Release|ARM64.ActiveCfg = Release|iPhoneSimulator
		{06EE79EE-E47E-4828-950B-923916FAAC9D}.Release|iPhone.ActiveCfg = Release|iPhoneSimulator
		{06EE79EE-E47E-4828-950B-923916FAAC9D}.Release|iPhoneSimulator.ActiveCfg = Release|iPhoneSimulator
		{06EE79EE-E47E-4828-950B-923916FAAC9D}.Release|iPhoneSimulator.Build.0 = Release|iPhoneSimulator
		{06EE79EE-E47E-4828-950B-923916FAAC9D}.Release|x64.ActiveCfg = Release|iPhoneSimulator
		{06EE79EE-E47E-4828-950B-923916FAAC9D}.Release|x86.ActiveCfg = Release|iPhoneSimulator
		{E6100360-F980-49A5-8D66-A6CFC84A226F}.Ad-Hoc|Any CPU.ActiveCfg = Debug|Any CPU
		{E6100360-F980-49A5-8D66-A6CFC84A226F}.Ad-Hoc|Any CPU.Build.0 = Debug|Any CPU
		{E6100360-F980-49A5-8D66-A6CFC84A226F}.Ad-Hoc|ARM.ActiveCfg = Debug|Any CPU
		{E6100360-F980-49A5-8D66-A6CFC84A226F}.Ad-Hoc|ARM.Build.0 = Debug|Any CPU
		{E6100360-F980-49A5-8D66-A6CFC84A226F}.Ad-Hoc|ARM64.ActiveCfg = Debug|Any CPU
		{E6100360-F980-49A5-8D66-A6CFC84A226F}.Ad-Hoc|ARM64.Build.0 = Debug|Any CPU
		{E6100360-F980-49A5-8D66-A6CFC84A226F}.Ad-Hoc|iPhone.ActiveCfg = Debug|Any CPU
		{E6100360-F980-49A5-8D66-A6CFC84A226F}.Ad-Hoc|iPhone.Build.0 = Debug|Any CPU
		{E6100360-F980-49A5-8D66-A6CFC84A226F}.Ad-Hoc|iPhoneSimulator.ActiveCfg = Debug|Any CPU
		{E6100360-F980-49A5-8D66-A6CFC84A226F}.Ad-Hoc|iPhoneSimulator.Build.0 = Debug|Any CPU
		{E6100360-F980-49A5-8D66-A6CFC84A226F}.Ad-Hoc|x64.ActiveCfg = Debug|Any CPU
		{E6100360-F980-49A5-8D66-A6CFC84A226F}.Ad-Hoc|x64.Build.0 = Debug|Any CPU
		{E6100360-F980-49A5-8D66-A6CFC84A226F}.Ad-Hoc|x86.ActiveCfg = Debug|Any CPU
		{E6100360-F980-49A5-8D66-A6CFC84A226F}.Ad-Hoc|x86.Build.0 = Debug|Any CPU
		{E6100360-F980-49A5-8D66-A6CFC84A226F}.AppStore|Any CPU.ActiveCfg = Debug|Any CPU
		{E6100360-F980-49A5-8D66-A6CFC84A226F}.AppStore|Any CPU.Build.0 = Debug|Any CPU
		{E6100360-F980-49A5-8D66-A6CFC84A226F}.AppStore|ARM.ActiveCfg = Debug|Any CPU
		{E6100360-F980-49A5-8D66-A6CFC84A226F}.AppStore|ARM.Build.0 = Debug|Any CPU
		{E6100360-F980-49A5-8D66-A6CFC84A226F}.AppStore|ARM64.ActiveCfg = Debug|Any CPU
		{E6100360-F980-49A5-8D66-A6CFC84A226F}.AppStore|ARM64.Build.0 = Debug|Any CPU
		{E6100360-F980-49A5-8D66-A6CFC84A226F}.AppStore|iPhone.ActiveCfg = Debug|Any CPU
		{E6100360-F980-49A5-8D66-A6CFC84A226F}.AppStore|iPhone.Build.0 = Debug|Any CPU
		{E6100360-F980-49A5-8D66-A6CFC84A226F}.AppStore|iPhoneSimulator.ActiveCfg = Debug|Any CPU
		{E6100360-F980-49A5-8D66-A6CFC84A226F}.AppStore|iPhoneSimulator.Build.0 = Debug|Any CPU
		{E6100360-F980-49A5-8D66-A6CFC84A226F}.AppStore|x64.ActiveCfg = Debug|Any CPU
		{E6100360-F980-49A5-8D66-A6CFC84A226F}.AppStore|x64.Build.0 = Debug|Any CPU
		{E6100360-F980-49A5-8D66-A6CFC84A226F}.AppStore|x86.ActiveCfg = Debug|Any CPU
		{E6100360-F980-49A5-8D66-A6CFC84A226F}.AppStore|x86.Build.0 = Debug|Any CPU
		{E6100360-F980-49A5-8D66-A6CFC84A226F}.Debug|Any CPU.ActiveCfg = Debug|Any CPU
		{E6100360-F980-49A5-8D66-A6CFC84A226F}.Debug|Any CPU.Build.0 = Debug|Any CPU
		{E6100360-F980-49A5-8D66-A6CFC84A226F}.Debug|ARM.ActiveCfg = Debug|Any CPU
		{E6100360-F980-49A5-8D66-A6CFC84A226F}.Debug|ARM.Build.0 = Debug|Any CPU
		{E6100360-F980-49A5-8D66-A6CFC84A226F}.Debug|ARM64.ActiveCfg = Debug|Any CPU
		{E6100360-F980-49A5-8D66-A6CFC84A226F}.Debug|ARM64.Build.0 = Debug|Any CPU
		{E6100360-F980-49A5-8D66-A6CFC84A226F}.Debug|iPhone.ActiveCfg = Debug|Any CPU
		{E6100360-F980-49A5-8D66-A6CFC84A226F}.Debug|iPhone.Build.0 = Debug|Any CPU
		{E6100360-F980-49A5-8D66-A6CFC84A226F}.Debug|iPhoneSimulator.ActiveCfg = Debug|Any CPU
		{E6100360-F980-49A5-8D66-A6CFC84A226F}.Debug|iPhoneSimulator.Build.0 = Debug|Any CPU
		{E6100360-F980-49A5-8D66-A6CFC84A226F}.Debug|x64.ActiveCfg = Debug|Any CPU
		{E6100360-F980-49A5-8D66-A6CFC84A226F}.Debug|x64.Build.0 = Debug|Any CPU
		{E6100360-F980-49A5-8D66-A6CFC84A226F}.Debug|x86.ActiveCfg = Debug|Any CPU
		{E6100360-F980-49A5-8D66-A6CFC84A226F}.Debug|x86.Build.0 = Debug|Any CPU
		{E6100360-F980-49A5-8D66-A6CFC84A226F}.Release|Any CPU.ActiveCfg = Release|Any CPU
		{E6100360-F980-49A5-8D66-A6CFC84A226F}.Release|Any CPU.Build.0 = Release|Any CPU
		{E6100360-F980-49A5-8D66-A6CFC84A226F}.Release|ARM.ActiveCfg = Release|Any CPU
		{E6100360-F980-49A5-8D66-A6CFC84A226F}.Release|ARM.Build.0 = Release|Any CPU
		{E6100360-F980-49A5-8D66-A6CFC84A226F}.Release|ARM64.ActiveCfg = Release|Any CPU
		{E6100360-F980-49A5-8D66-A6CFC84A226F}.Release|ARM64.Build.0 = Release|Any CPU
		{E6100360-F980-49A5-8D66-A6CFC84A226F}.Release|iPhone.ActiveCfg = Release|Any CPU
		{E6100360-F980-49A5-8D66-A6CFC84A226F}.Release|iPhone.Build.0 = Release|Any CPU
		{E6100360-F980-49A5-8D66-A6CFC84A226F}.Release|iPhoneSimulator.ActiveCfg = Release|Any CPU
		{E6100360-F980-49A5-8D66-A6CFC84A226F}.Release|iPhoneSimulator.Build.0 = Release|Any CPU
		{E6100360-F980-49A5-8D66-A6CFC84A226F}.Release|x64.ActiveCfg = Release|Any CPU
		{E6100360-F980-49A5-8D66-A6CFC84A226F}.Release|x64.Build.0 = Release|Any CPU
		{E6100360-F980-49A5-8D66-A6CFC84A226F}.Release|x86.ActiveCfg = Release|Any CPU
		{E6100360-F980-49A5-8D66-A6CFC84A226F}.Release|x86.Build.0 = Release|Any CPU
		{595C2E0F-76A4-4809-9B93-5E6737EAFFE0}.Ad-Hoc|Any CPU.ActiveCfg = Debug|Any CPU
		{595C2E0F-76A4-4809-9B93-5E6737EAFFE0}.Ad-Hoc|Any CPU.Build.0 = Debug|Any CPU
		{595C2E0F-76A4-4809-9B93-5E6737EAFFE0}.Ad-Hoc|ARM.ActiveCfg = Debug|Any CPU
		{595C2E0F-76A4-4809-9B93-5E6737EAFFE0}.Ad-Hoc|ARM.Build.0 = Debug|Any CPU
		{595C2E0F-76A4-4809-9B93-5E6737EAFFE0}.Ad-Hoc|ARM64.ActiveCfg = Debug|Any CPU
		{595C2E0F-76A4-4809-9B93-5E6737EAFFE0}.Ad-Hoc|ARM64.Build.0 = Debug|Any CPU
		{595C2E0F-76A4-4809-9B93-5E6737EAFFE0}.Ad-Hoc|iPhone.ActiveCfg = Debug|Any CPU
		{595C2E0F-76A4-4809-9B93-5E6737EAFFE0}.Ad-Hoc|iPhone.Build.0 = Debug|Any CPU
		{595C2E0F-76A4-4809-9B93-5E6737EAFFE0}.Ad-Hoc|iPhoneSimulator.ActiveCfg = Debug|Any CPU
		{595C2E0F-76A4-4809-9B93-5E6737EAFFE0}.Ad-Hoc|iPhoneSimulator.Build.0 = Debug|Any CPU
		{595C2E0F-76A4-4809-9B93-5E6737EAFFE0}.Ad-Hoc|x64.ActiveCfg = Debug|Any CPU
		{595C2E0F-76A4-4809-9B93-5E6737EAFFE0}.Ad-Hoc|x64.Build.0 = Debug|Any CPU
		{595C2E0F-76A4-4809-9B93-5E6737EAFFE0}.Ad-Hoc|x86.ActiveCfg = Debug|Any CPU
		{595C2E0F-76A4-4809-9B93-5E6737EAFFE0}.Ad-Hoc|x86.Build.0 = Debug|Any CPU
		{595C2E0F-76A4-4809-9B93-5E6737EAFFE0}.AppStore|Any CPU.ActiveCfg = Debug|Any CPU
		{595C2E0F-76A4-4809-9B93-5E6737EAFFE0}.AppStore|Any CPU.Build.0 = Debug|Any CPU
		{595C2E0F-76A4-4809-9B93-5E6737EAFFE0}.AppStore|ARM.ActiveCfg = Debug|Any CPU
		{595C2E0F-76A4-4809-9B93-5E6737EAFFE0}.AppStore|ARM.Build.0 = Debug|Any CPU
		{595C2E0F-76A4-4809-9B93-5E6737EAFFE0}.AppStore|ARM64.ActiveCfg = Debug|Any CPU
		{595C2E0F-76A4-4809-9B93-5E6737EAFFE0}.AppStore|ARM64.Build.0 = Debug|Any CPU
		{595C2E0F-76A4-4809-9B93-5E6737EAFFE0}.AppStore|iPhone.ActiveCfg = Debug|Any CPU
		{595C2E0F-76A4-4809-9B93-5E6737EAFFE0}.AppStore|iPhone.Build.0 = Debug|Any CPU
		{595C2E0F-76A4-4809-9B93-5E6737EAFFE0}.AppStore|iPhoneSimulator.ActiveCfg = Debug|Any CPU
		{595C2E0F-76A4-4809-9B93-5E6737EAFFE0}.AppStore|iPhoneSimulator.Build.0 = Debug|Any CPU
		{595C2E0F-76A4-4809-9B93-5E6737EAFFE0}.AppStore|x64.ActiveCfg = Debug|Any CPU
		{595C2E0F-76A4-4809-9B93-5E6737EAFFE0}.AppStore|x64.Build.0 = Debug|Any CPU
		{595C2E0F-76A4-4809-9B93-5E6737EAFFE0}.AppStore|x86.ActiveCfg = Debug|Any CPU
		{595C2E0F-76A4-4809-9B93-5E6737EAFFE0}.AppStore|x86.Build.0 = Debug|Any CPU
		{595C2E0F-76A4-4809-9B93-5E6737EAFFE0}.Debug|Any CPU.ActiveCfg = Debug|Any CPU
		{595C2E0F-76A4-4809-9B93-5E6737EAFFE0}.Debug|Any CPU.Build.0 = Debug|Any CPU
		{595C2E0F-76A4-4809-9B93-5E6737EAFFE0}.Debug|ARM.ActiveCfg = Debug|Any CPU
		{595C2E0F-76A4-4809-9B93-5E6737EAFFE0}.Debug|ARM.Build.0 = Debug|Any CPU
		{595C2E0F-76A4-4809-9B93-5E6737EAFFE0}.Debug|ARM64.ActiveCfg = Debug|Any CPU
		{595C2E0F-76A4-4809-9B93-5E6737EAFFE0}.Debug|ARM64.Build.0 = Debug|Any CPU
		{595C2E0F-76A4-4809-9B93-5E6737EAFFE0}.Debug|iPhone.ActiveCfg = Debug|Any CPU
		{595C2E0F-76A4-4809-9B93-5E6737EAFFE0}.Debug|iPhone.Build.0 = Debug|Any CPU
		{595C2E0F-76A4-4809-9B93-5E6737EAFFE0}.Debug|iPhoneSimulator.ActiveCfg = Debug|Any CPU
		{595C2E0F-76A4-4809-9B93-5E6737EAFFE0}.Debug|iPhoneSimulator.Build.0 = Debug|Any CPU
		{595C2E0F-76A4-4809-9B93-5E6737EAFFE0}.Debug|x64.ActiveCfg = Debug|Any CPU
		{595C2E0F-76A4-4809-9B93-5E6737EAFFE0}.Debug|x64.Build.0 = Debug|Any CPU
		{595C2E0F-76A4-4809-9B93-5E6737EAFFE0}.Debug|x86.ActiveCfg = Debug|Any CPU
		{595C2E0F-76A4-4809-9B93-5E6737EAFFE0}.Debug|x86.Build.0 = Debug|Any CPU
		{595C2E0F-76A4-4809-9B93-5E6737EAFFE0}.Release|Any CPU.ActiveCfg = Release|Any CPU
		{595C2E0F-76A4-4809-9B93-5E6737EAFFE0}.Release|Any CPU.Build.0 = Release|Any CPU
		{595C2E0F-76A4-4809-9B93-5E6737EAFFE0}.Release|ARM.ActiveCfg = Release|Any CPU
		{595C2E0F-76A4-4809-9B93-5E6737EAFFE0}.Release|ARM.Build.0 = Release|Any CPU
		{595C2E0F-76A4-4809-9B93-5E6737EAFFE0}.Release|ARM64.ActiveCfg = Release|Any CPU
		{595C2E0F-76A4-4809-9B93-5E6737EAFFE0}.Release|ARM64.Build.0 = Release|Any CPU
		{595C2E0F-76A4-4809-9B93-5E6737EAFFE0}.Release|iPhone.ActiveCfg = Release|Any CPU
		{595C2E0F-76A4-4809-9B93-5E6737EAFFE0}.Release|iPhone.Build.0 = Release|Any CPU
		{595C2E0F-76A4-4809-9B93-5E6737EAFFE0}.Release|iPhoneSimulator.ActiveCfg = Release|Any CPU
		{595C2E0F-76A4-4809-9B93-5E6737EAFFE0}.Release|iPhoneSimulator.Build.0 = Release|Any CPU
		{595C2E0F-76A4-4809-9B93-5E6737EAFFE0}.Release|x64.ActiveCfg = Release|Any CPU
		{595C2E0F-76A4-4809-9B93-5E6737EAFFE0}.Release|x64.Build.0 = Release|Any CPU
		{595C2E0F-76A4-4809-9B93-5E6737EAFFE0}.Release|x86.ActiveCfg = Release|Any CPU
		{595C2E0F-76A4-4809-9B93-5E6737EAFFE0}.Release|x86.Build.0 = Release|Any CPU
		{9DA8AE14-E436-4914-A29A-7B97602039C8}.Ad-Hoc|Any CPU.ActiveCfg = Debug|Any CPU
		{9DA8AE14-E436-4914-A29A-7B97602039C8}.Ad-Hoc|Any CPU.Build.0 = Debug|Any CPU
		{9DA8AE14-E436-4914-A29A-7B97602039C8}.Ad-Hoc|ARM.ActiveCfg = Debug|Any CPU
		{9DA8AE14-E436-4914-A29A-7B97602039C8}.Ad-Hoc|ARM.Build.0 = Debug|Any CPU
		{9DA8AE14-E436-4914-A29A-7B97602039C8}.Ad-Hoc|ARM64.ActiveCfg = Debug|Any CPU
		{9DA8AE14-E436-4914-A29A-7B97602039C8}.Ad-Hoc|ARM64.Build.0 = Debug|Any CPU
		{9DA8AE14-E436-4914-A29A-7B97602039C8}.Ad-Hoc|iPhone.ActiveCfg = Debug|Any CPU
		{9DA8AE14-E436-4914-A29A-7B97602039C8}.Ad-Hoc|iPhone.Build.0 = Debug|Any CPU
		{9DA8AE14-E436-4914-A29A-7B97602039C8}.Ad-Hoc|iPhoneSimulator.ActiveCfg = Debug|Any CPU
		{9DA8AE14-E436-4914-A29A-7B97602039C8}.Ad-Hoc|iPhoneSimulator.Build.0 = Debug|Any CPU
		{9DA8AE14-E436-4914-A29A-7B97602039C8}.Ad-Hoc|x64.ActiveCfg = Debug|Any CPU
		{9DA8AE14-E436-4914-A29A-7B97602039C8}.Ad-Hoc|x64.Build.0 = Debug|Any CPU
		{9DA8AE14-E436-4914-A29A-7B97602039C8}.Ad-Hoc|x86.ActiveCfg = Debug|Any CPU
		{9DA8AE14-E436-4914-A29A-7B97602039C8}.Ad-Hoc|x86.Build.0 = Debug|Any CPU
		{9DA8AE14-E436-4914-A29A-7B97602039C8}.AppStore|Any CPU.ActiveCfg = Debug|Any CPU
		{9DA8AE14-E436-4914-A29A-7B97602039C8}.AppStore|Any CPU.Build.0 = Debug|Any CPU
		{9DA8AE14-E436-4914-A29A-7B97602039C8}.AppStore|ARM.ActiveCfg = Debug|Any CPU
		{9DA8AE14-E436-4914-A29A-7B97602039C8}.AppStore|ARM.Build.0 = Debug|Any CPU
		{9DA8AE14-E436-4914-A29A-7B97602039C8}.AppStore|ARM64.ActiveCfg = Debug|Any CPU
		{9DA8AE14-E436-4914-A29A-7B97602039C8}.AppStore|ARM64.Build.0 = Debug|Any CPU
		{9DA8AE14-E436-4914-A29A-7B97602039C8}.AppStore|iPhone.ActiveCfg = Debug|Any CPU
		{9DA8AE14-E436-4914-A29A-7B97602039C8}.AppStore|iPhone.Build.0 = Debug|Any CPU
		{9DA8AE14-E436-4914-A29A-7B97602039C8}.AppStore|iPhoneSimulator.ActiveCfg = Debug|Any CPU
		{9DA8AE14-E436-4914-A29A-7B97602039C8}.AppStore|iPhoneSimulator.Build.0 = Debug|Any CPU
		{9DA8AE14-E436-4914-A29A-7B97602039C8}.AppStore|x64.ActiveCfg = Debug|Any CPU
		{9DA8AE14-E436-4914-A29A-7B97602039C8}.AppStore|x64.Build.0 = Debug|Any CPU
		{9DA8AE14-E436-4914-A29A-7B97602039C8}.AppStore|x86.ActiveCfg = Debug|Any CPU
		{9DA8AE14-E436-4914-A29A-7B97602039C8}.AppStore|x86.Build.0 = Debug|Any CPU
		{9DA8AE14-E436-4914-A29A-7B97602039C8}.Debug|Any CPU.ActiveCfg = Debug|Any CPU
		{9DA8AE14-E436-4914-A29A-7B97602039C8}.Debug|Any CPU.Build.0 = Debug|Any CPU
		{9DA8AE14-E436-4914-A29A-7B97602039C8}.Debug|ARM.ActiveCfg = Debug|Any CPU
		{9DA8AE14-E436-4914-A29A-7B97602039C8}.Debug|ARM.Build.0 = Debug|Any CPU
		{9DA8AE14-E436-4914-A29A-7B97602039C8}.Debug|ARM64.ActiveCfg = Debug|Any CPU
		{9DA8AE14-E436-4914-A29A-7B97602039C8}.Debug|ARM64.Build.0 = Debug|Any CPU
		{9DA8AE14-E436-4914-A29A-7B97602039C8}.Debug|iPhone.ActiveCfg = Debug|Any CPU
		{9DA8AE14-E436-4914-A29A-7B97602039C8}.Debug|iPhone.Build.0 = Debug|Any CPU
		{9DA8AE14-E436-4914-A29A-7B97602039C8}.Debug|iPhoneSimulator.ActiveCfg = Debug|Any CPU
		{9DA8AE14-E436-4914-A29A-7B97602039C8}.Debug|iPhoneSimulator.Build.0 = Debug|Any CPU
		{9DA8AE14-E436-4914-A29A-7B97602039C8}.Debug|x64.ActiveCfg = Debug|Any CPU
		{9DA8AE14-E436-4914-A29A-7B97602039C8}.Debug|x64.Build.0 = Debug|Any CPU
		{9DA8AE14-E436-4914-A29A-7B97602039C8}.Debug|x86.ActiveCfg = Debug|Any CPU
		{9DA8AE14-E436-4914-A29A-7B97602039C8}.Debug|x86.Build.0 = Debug|Any CPU
		{9DA8AE14-E436-4914-A29A-7B97602039C8}.Release|Any CPU.ActiveCfg = Release|Any CPU
		{9DA8AE14-E436-4914-A29A-7B97602039C8}.Release|Any CPU.Build.0 = Release|Any CPU
		{9DA8AE14-E436-4914-A29A-7B97602039C8}.Release|ARM.ActiveCfg = Release|Any CPU
		{9DA8AE14-E436-4914-A29A-7B97602039C8}.Release|ARM.Build.0 = Release|Any CPU
		{9DA8AE14-E436-4914-A29A-7B97602039C8}.Release|ARM64.ActiveCfg = Release|Any CPU
		{9DA8AE14-E436-4914-A29A-7B97602039C8}.Release|ARM64.Build.0 = Release|Any CPU
		{9DA8AE14-E436-4914-A29A-7B97602039C8}.Release|iPhone.ActiveCfg = Release|Any CPU
		{9DA8AE14-E436-4914-A29A-7B97602039C8}.Release|iPhone.Build.0 = Release|Any CPU
		{9DA8AE14-E436-4914-A29A-7B97602039C8}.Release|iPhoneSimulator.ActiveCfg = Release|Any CPU
		{9DA8AE14-E436-4914-A29A-7B97602039C8}.Release|iPhoneSimulator.Build.0 = Release|Any CPU
		{9DA8AE14-E436-4914-A29A-7B97602039C8}.Release|x64.ActiveCfg = Release|Any CPU
		{9DA8AE14-E436-4914-A29A-7B97602039C8}.Release|x64.Build.0 = Release|Any CPU
		{9DA8AE14-E436-4914-A29A-7B97602039C8}.Release|x86.ActiveCfg = Release|Any CPU
		{9DA8AE14-E436-4914-A29A-7B97602039C8}.Release|x86.Build.0 = Release|Any CPU
		{6817C0F1-FC65-4F90-92FF-03D8928E55F9}.Ad-Hoc|Any CPU.ActiveCfg = Debug|Any CPU
		{6817C0F1-FC65-4F90-92FF-03D8928E55F9}.Ad-Hoc|Any CPU.Build.0 = Debug|Any CPU
		{6817C0F1-FC65-4F90-92FF-03D8928E55F9}.Ad-Hoc|ARM.ActiveCfg = Debug|Any CPU
		{6817C0F1-FC65-4F90-92FF-03D8928E55F9}.Ad-Hoc|ARM.Build.0 = Debug|Any CPU
		{6817C0F1-FC65-4F90-92FF-03D8928E55F9}.Ad-Hoc|ARM64.ActiveCfg = Debug|Any CPU
		{6817C0F1-FC65-4F90-92FF-03D8928E55F9}.Ad-Hoc|ARM64.Build.0 = Debug|Any CPU
		{6817C0F1-FC65-4F90-92FF-03D8928E55F9}.Ad-Hoc|iPhone.ActiveCfg = Debug|Any CPU
		{6817C0F1-FC65-4F90-92FF-03D8928E55F9}.Ad-Hoc|iPhone.Build.0 = Debug|Any CPU
		{6817C0F1-FC65-4F90-92FF-03D8928E55F9}.Ad-Hoc|iPhoneSimulator.ActiveCfg = Debug|Any CPU
		{6817C0F1-FC65-4F90-92FF-03D8928E55F9}.Ad-Hoc|iPhoneSimulator.Build.0 = Debug|Any CPU
		{6817C0F1-FC65-4F90-92FF-03D8928E55F9}.Ad-Hoc|x64.ActiveCfg = Debug|Any CPU
		{6817C0F1-FC65-4F90-92FF-03D8928E55F9}.Ad-Hoc|x64.Build.0 = Debug|Any CPU
		{6817C0F1-FC65-4F90-92FF-03D8928E55F9}.Ad-Hoc|x86.ActiveCfg = Debug|Any CPU
		{6817C0F1-FC65-4F90-92FF-03D8928E55F9}.Ad-Hoc|x86.Build.0 = Debug|Any CPU
		{6817C0F1-FC65-4F90-92FF-03D8928E55F9}.AppStore|Any CPU.ActiveCfg = Debug|Any CPU
		{6817C0F1-FC65-4F90-92FF-03D8928E55F9}.AppStore|Any CPU.Build.0 = Debug|Any CPU
		{6817C0F1-FC65-4F90-92FF-03D8928E55F9}.AppStore|ARM.ActiveCfg = Debug|Any CPU
		{6817C0F1-FC65-4F90-92FF-03D8928E55F9}.AppStore|ARM.Build.0 = Debug|Any CPU
		{6817C0F1-FC65-4F90-92FF-03D8928E55F9}.AppStore|ARM64.ActiveCfg = Debug|Any CPU
		{6817C0F1-FC65-4F90-92FF-03D8928E55F9}.AppStore|ARM64.Build.0 = Debug|Any CPU
		{6817C0F1-FC65-4F90-92FF-03D8928E55F9}.AppStore|iPhone.ActiveCfg = Debug|Any CPU
		{6817C0F1-FC65-4F90-92FF-03D8928E55F9}.AppStore|iPhone.Build.0 = Debug|Any CPU
		{6817C0F1-FC65-4F90-92FF-03D8928E55F9}.AppStore|iPhoneSimulator.ActiveCfg = Debug|Any CPU
		{6817C0F1-FC65-4F90-92FF-03D8928E55F9}.AppStore|iPhoneSimulator.Build.0 = Debug|Any CPU
		{6817C0F1-FC65-4F90-92FF-03D8928E55F9}.AppStore|x64.ActiveCfg = Debug|Any CPU
		{6817C0F1-FC65-4F90-92FF-03D8928E55F9}.AppStore|x64.Build.0 = Debug|Any CPU
		{6817C0F1-FC65-4F90-92FF-03D8928E55F9}.AppStore|x86.ActiveCfg = Debug|Any CPU
		{6817C0F1-FC65-4F90-92FF-03D8928E55F9}.AppStore|x86.Build.0 = Debug|Any CPU
		{6817C0F1-FC65-4F90-92FF-03D8928E55F9}.Debug|Any CPU.ActiveCfg = Debug|Any CPU
		{6817C0F1-FC65-4F90-92FF-03D8928E55F9}.Debug|Any CPU.Build.0 = Debug|Any CPU
		{6817C0F1-FC65-4F90-92FF-03D8928E55F9}.Debug|ARM.ActiveCfg = Debug|Any CPU
		{6817C0F1-FC65-4F90-92FF-03D8928E55F9}.Debug|ARM.Build.0 = Debug|Any CPU
		{6817C0F1-FC65-4F90-92FF-03D8928E55F9}.Debug|ARM64.ActiveCfg = Debug|Any CPU
		{6817C0F1-FC65-4F90-92FF-03D8928E55F9}.Debug|ARM64.Build.0 = Debug|Any CPU
		{6817C0F1-FC65-4F90-92FF-03D8928E55F9}.Debug|iPhone.ActiveCfg = Debug|Any CPU
		{6817C0F1-FC65-4F90-92FF-03D8928E55F9}.Debug|iPhone.Build.0 = Debug|Any CPU
		{6817C0F1-FC65-4F90-92FF-03D8928E55F9}.Debug|iPhoneSimulator.ActiveCfg = Debug|Any CPU
		{6817C0F1-FC65-4F90-92FF-03D8928E55F9}.Debug|iPhoneSimulator.Build.0 = Debug|Any CPU
		{6817C0F1-FC65-4F90-92FF-03D8928E55F9}.Debug|x64.ActiveCfg = Debug|Any CPU
		{6817C0F1-FC65-4F90-92FF-03D8928E55F9}.Debug|x64.Build.0 = Debug|Any CPU
		{6817C0F1-FC65-4F90-92FF-03D8928E55F9}.Debug|x86.ActiveCfg = Debug|Any CPU
		{6817C0F1-FC65-4F90-92FF-03D8928E55F9}.Debug|x86.Build.0 = Debug|Any CPU
		{6817C0F1-FC65-4F90-92FF-03D8928E55F9}.Release|Any CPU.ActiveCfg = Release|Any CPU
		{6817C0F1-FC65-4F90-92FF-03D8928E55F9}.Release|Any CPU.Build.0 = Release|Any CPU
		{6817C0F1-FC65-4F90-92FF-03D8928E55F9}.Release|ARM.ActiveCfg = Release|Any CPU
		{6817C0F1-FC65-4F90-92FF-03D8928E55F9}.Release|ARM.Build.0 = Release|Any CPU
		{6817C0F1-FC65-4F90-92FF-03D8928E55F9}.Release|ARM64.ActiveCfg = Release|Any CPU
		{6817C0F1-FC65-4F90-92FF-03D8928E55F9}.Release|ARM64.Build.0 = Release|Any CPU
		{6817C0F1-FC65-4F90-92FF-03D8928E55F9}.Release|iPhone.ActiveCfg = Release|Any CPU
		{6817C0F1-FC65-4F90-92FF-03D8928E55F9}.Release|iPhone.Build.0 = Release|Any CPU
		{6817C0F1-FC65-4F90-92FF-03D8928E55F9}.Release|iPhoneSimulator.ActiveCfg = Release|Any CPU
		{6817C0F1-FC65-4F90-92FF-03D8928E55F9}.Release|iPhoneSimulator.Build.0 = Release|Any CPU
		{6817C0F1-FC65-4F90-92FF-03D8928E55F9}.Release|x64.ActiveCfg = Release|Any CPU
		{6817C0F1-FC65-4F90-92FF-03D8928E55F9}.Release|x64.Build.0 = Release|Any CPU
		{6817C0F1-FC65-4F90-92FF-03D8928E55F9}.Release|x86.ActiveCfg = Release|Any CPU
		{6817C0F1-FC65-4F90-92FF-03D8928E55F9}.Release|x86.Build.0 = Release|Any CPU
	EndGlobalSection
	GlobalSection(SolutionProperties) = preSolution
		HideSolutionNode = FALSE
	EndGlobalSection
	GlobalSection(NestedProjects) = preSolution
		{E0E2C673-F9CC-4E6E-B3F1-29A5B1E7F9D9} = {8F569BD4-5BAB-4D78-BEB4-0823D1C2B2EB}
		{6F0BFB97-1649-420A-AB2D-62EBFFAD5B3D} = {8F569BD4-5BAB-4D78-BEB4-0823D1C2B2EB}
		{B3FAE3FB-DE0F-4658-AEBD-52F5BADFBEBD} = {8F569BD4-5BAB-4D78-BEB4-0823D1C2B2EB}
		{62751CCC-4BDE-4014-B438-BB85A5B0D1B6} = {8F569BD4-5BAB-4D78-BEB4-0823D1C2B2EB}
		{06EE79EE-E47E-4828-950B-923916FAAC9D} = {8F569BD4-5BAB-4D78-BEB4-0823D1C2B2EB}
		{E6100360-F980-49A5-8D66-A6CFC84A226F} = {8F569BD4-5BAB-4D78-BEB4-0823D1C2B2EB}
		{595C2E0F-76A4-4809-9B93-5E6737EAFFE0} = {8F569BD4-5BAB-4D78-BEB4-0823D1C2B2EB}
		{9DA8AE14-E436-4914-A29A-7B97602039C8} = {8F569BD4-5BAB-4D78-BEB4-0823D1C2B2EB}
		{6817C0F1-FC65-4F90-92FF-03D8928E55F9} = {8F569BD4-5BAB-4D78-BEB4-0823D1C2B2EB}
	EndGlobalSection
	GlobalSection(ExtensibilityGlobals) = postSolution
		SolutionGuid = {9FECF623-7841-4BEA-8EFD-BA9DB1325E92}
	EndGlobalSection
EndGlobal
